
Microsoft Visual Studio Solution File, Format Version 12.00
# Visual Studio Version 17
VisualStudioVersion = 17.13.35931.197 d17.13
MinimumVisualStudioVersion = 10.0.40219.1
Project("{FAE04EC0-301F-11D3-BF4B-00C04F79EFBC}") = "UnityLauncherPro", "UnityLauncherPro\UnityLauncherPro.csproj", "{EC78D91A-3E63-4CAA-8BC3-9673A30FDA45}"
EndProject
Project("{54435603-DBB4-11D2-8724-00A0C9A8B90C}") = "UnityLauncherProInstaller", "UnityLauncherProInstaller\UnityLauncherProInstaller.vdproj", "{249180EF-BFC1-9DD7-48CC-E2B9253A64E0}"
EndProject
Global
	GlobalSection(SolutionConfigurationPlatforms) = preSolution
		Debug|Any CPU = Debug|Any CPU
		Release|Any CPU = Release|Any CPU
	EndGlobalSection
	GlobalSection(ProjectConfigurationPlatforms) = postSolution
		{EC78D91A-3E63-4CAA-8BC3-9673A30FDA45}.Debug|Any CPU.ActiveCfg = Debug|Any CPU
		{EC78D91A-3E63-4CAA-8BC3-9673A30FDA45}.Debug|Any CPU.Build.0 = Debug|Any CPU
		{EC78D91A-3E63-4CAA-8BC3-9673A30FDA45}.Release|Any CPU.ActiveCfg = Release|Any CPU
		{EC78D91A-3E63-4CAA-8BC3-9673A30FDA45}.Release|Any CPU.Build.0 = Release|Any CPU
		{249180EF-BFC1-9DD7-48CC-E2B9253A64E0}.Debug|Any CPU.ActiveCfg = Debug
		{249180EF-BFC1-9DD7-48CC-E2B9253A64E0}.Release|Any CPU.ActiveCfg = Release
	EndGlobalSection
	GlobalSection(SolutionProperties) = preSolution
		HideSolutionNode = FALSE
	EndGlobalSection
	GlobalSection(ExtensibilityGlobals) = postSolution
		SolutionGuid = {CD70E364-F81A-402C-A387-1BEB396796A2}
	EndGlobalSection
	GlobalSection(Performance) = preSolution
		HasPerformanceSessions = true
	EndGlobalSection
	GlobalSection(Performance) = preSolution
		HasPerformanceSessions = true
	EndGlobalSection
EndGlobal
